
Microsoft Visual Studio Solution File, Format Version 12.00
# Visual Studio Version 17
VisualStudioVersion = 17.8.34330.188
MinimumVisualStudioVersion = 10.0.40219.1
Project("{FAE04EC0-301F-11D3-BF4B-00C04F79EFBC}") = "dependences", "dependences\dependences.csproj", "{EF7D42A7-D288-461F-88E1-E7C30844F5F2}"
EndProject
Global
	GlobalSection(SolutionConfigurationPlatforms) = preSolution
		Debug|Any CPU = Debug|Any CPU
		Release|Any CPU = Release|Any CPU
	EndGlobalSection
	GlobalSection(ProjectConfigurationPlatforms) = postSolution
		{EF7D42A7-D288-461F-88E1-E7C30844F5F2}.Debug|Any CPU.ActiveCfg = Debug|Any CPU
		{EF7D42A7-D288-461F-88E1-E7C30844F5F2}.Debug|Any CPU.Build.0 = Debug|Any CPU
		{EF7D42A7-D288-461F-88E1-E7C30844F5F2}.Release|Any CPU.ActiveCfg = Release|Any CPU
		{EF7D42A7-D288-461F-88E1-E7C30844F5F2}.Release|Any CPU.Build.0 = Release|Any CPU
	EndGlobalSection
	GlobalSection(SolutionProperties) = preSolution
		HideSolutionNode = FALSE
	EndGlobalSection
	GlobalSection(ExtensibilityGlobals) = postSolution
		SolutionGuid = {459D6711-E797-4551-8EA7-F904B32808EF}
	EndGlobalSection
EndGlobal
